
Microsoft Visual Studio Solution File, Format Version 12.00
# Visual Studio Version 17
VisualStudioVersion = 17.1.32210.238
MinimumVisualStudioVersion = 10.0.40219.1
Project("{FAE04EC0-301F-11D3-BF4B-00C04F79EFBC}") = "3_TVDongNVHieuDXDuongNKHungDVKhaiLHDuc_NET", "3_TVDongNVHieuDXDuongNKHungDVKhaiLHDuc\3_TVDongNVHieuDXDuongNKHungDVKhaiLHDuc_NET.csproj", "{1ABC8BED-780A-4C53-85CD-7D7D8945AE52}"
EndProject
Global
	GlobalSection(SolutionConfigurationPlatforms) = preSolution
		Debug|Any CPU = Debug|Any CPU
		Release|Any CPU = Release|Any CPU
	EndGlobalSection
	GlobalSection(ProjectConfigurationPlatforms) = postSolution
		{1ABC8BED-780A-4C53-85CD-7D7D8945AE52}.Debug|Any CPU.ActiveCfg = Debug|Any CPU
		{1ABC8BED-780A-4C53-85CD-7D7D8945AE52}.Debug|Any CPU.Build.0 = Debug|Any CPU
		{1ABC8BED-780A-4C53-85CD-7D7D8945AE52}.Release|Any CPU.ActiveCfg = Release|Any CPU
		{1ABC8BED-780A-4C53-85CD-7D7D8945AE52}.Release|Any CPU.Build.0 = Release|Any CPU
	EndGlobalSection
	GlobalSection(SolutionProperties) = preSolution
		HideSolutionNode = FALSE
	EndGlobalSection
	GlobalSection(ExtensibilityGlobals) = postSolution
		SolutionGuid = {74AFB7F4-6CD8-4CE0-9694-B082DC63E7E8}
	EndGlobalSection
EndGlobal
